
Microsoft Visual Studio Solution File, Format Version 12.00
# Visual Studio Version 16
VisualStudioVersion = 16.0.30114.105
MinimumVisualStudioVersion = 10.0.40219.1
Project("{2150E333-8FDC-42A3-9474-1A3956D46DE8}") = "src", "src", "{7D56537D-05A6-4330-A930-454138411C8E}"
EndProject
Project("{FAE04EC0-301F-11D3-BF4B-00C04F79EFBC}") = "CookieSample", "src\CookieSample\CookieSample.csproj", "{57D2D112-EECF-4551-8C38-5F834633F656}"
EndProject
Project("{FAE04EC0-301F-11D3-BF4B-00C04F79EFBC}") = "CookieSample.E2ETests", "src\CookieSample.E2ETests\CookieSample.E2ETests.csproj", "{1ADE1800-AF17-4BDC-9978-4B9252DB1621}"
EndProject
Project("{FAE04EC0-301F-11D3-BF4B-00C04F79EFBC}") = "SiteListGenerator", "src\SiteListGenerator\SiteListGenerator.csproj", "{4EC7A457-AC85-4BE1-BCC0-CD201403F630}"
EndProject
Project("{FAE04EC0-301F-11D3-BF4B-00C04F79EFBC}") = "CookieSso.Identity", "src\CookieSso.Identity\CookieSso.Identity.csproj", "{1D5C75CA-296D-4E25-AE39-797B4E7C1367}"
EndProject
Project("{FAE04EC0-301F-11D3-BF4B-00C04F79EFBC}") = "CookieSso.App1", "src\CookieSso.App1\CookieSso.App1.csproj", "{4A0C6867-04A7-42E8-BCE3-81778E9518D3}"
EndProject
Project("{FAE04EC0-301F-11D3-BF4B-00C04F79EFBC}") = "CookieSso.App2", "src\CookieSso.App2\CookieSso.App2.csproj", "{606CB8A0-0C8F-4940-B6B2-A46373A0B305}"
EndProject
Global
	GlobalSection(SolutionConfigurationPlatforms) = preSolution
		Debug|Any CPU = Debug|Any CPU
		Debug|x64 = Debug|x64
		Debug|x86 = Debug|x86
		Release|Any CPU = Release|Any CPU
		Release|x64 = Release|x64
		Release|x86 = Release|x86
	EndGlobalSection
	GlobalSection(SolutionProperties) = preSolution
		HideSolutionNode = FALSE
	EndGlobalSection
	GlobalSection(ProjectConfigurationPlatforms) = postSolution
		{57D2D112-EECF-4551-8C38-5F834633F656}.Debug|Any CPU.ActiveCfg = Debug|Any CPU
		{57D2D112-EECF-4551-8C38-5F834633F656}.Debug|Any CPU.Build.0 = Debug|Any CPU
		{57D2D112-EECF-4551-8C38-5F834633F656}.Debug|x64.ActiveCfg = Debug|Any CPU
		{57D2D112-EECF-4551-8C38-5F834633F656}.Debug|x64.Build.0 = Debug|Any CPU
		{57D2D112-EECF-4551-8C38-5F834633F656}.Debug|x86.ActiveCfg = Debug|Any CPU
		{57D2D112-EECF-4551-8C38-5F834633F656}.Debug|x86.Build.0 = Debug|Any CPU
		{57D2D112-EECF-4551-8C38-5F834633F656}.Release|Any CPU.ActiveCfg = Release|Any CPU
		{57D2D112-EECF-4551-8C38-5F834633F656}.Release|Any CPU.Build.0 = Release|Any CPU
		{57D2D112-EECF-4551-8C38-5F834633F656}.Release|x64.ActiveCfg = Release|Any CPU
		{57D2D112-EECF-4551-8C38-5F834633F656}.Release|x64.Build.0 = Release|Any CPU
		{57D2D112-EECF-4551-8C38-5F834633F656}.Release|x86.ActiveCfg = Release|Any CPU
		{57D2D112-EECF-4551-8C38-5F834633F656}.Release|x86.Build.0 = Release|Any CPU
		{1ADE1800-AF17-4BDC-9978-4B9252DB1621}.Debug|Any CPU.ActiveCfg = Debug|Any CPU
		{1ADE1800-AF17-4BDC-9978-4B9252DB1621}.Debug|Any CPU.Build.0 = Debug|Any CPU
		{1ADE1800-AF17-4BDC-9978-4B9252DB1621}.Debug|x64.ActiveCfg = Debug|Any CPU
		{1ADE1800-AF17-4BDC-9978-4B9252DB1621}.Debug|x64.Build.0 = Debug|Any CPU
		{1ADE1800-AF17-4BDC-9978-4B9252DB1621}.Debug|x86.ActiveCfg = Debug|Any CPU
		{1ADE1800-AF17-4BDC-9978-4B9252DB1621}.Debug|x86.Build.0 = Debug|Any CPU
		{1ADE1800-AF17-4BDC-9978-4B9252DB1621}.Release|Any CPU.ActiveCfg = Release|Any CPU
		{1ADE1800-AF17-4BDC-9978-4B9252DB1621}.Release|Any CPU.Build.0 = Release|Any CPU
		{1ADE1800-AF17-4BDC-9978-4B9252DB1621}.Release|x64.ActiveCfg = Release|Any CPU
		{1ADE1800-AF17-4BDC-9978-4B9252DB1621}.Release|x64.Build.0 = Release|Any CPU
		{1ADE1800-AF17-4BDC-9978-4B9252DB1621}.Release|x86.ActiveCfg = Release|Any CPU
		{1ADE1800-AF17-4BDC-9978-4B9252DB1621}.Release|x86.Build.0 = Release|Any CPU
		{4EC7A457-AC85-4BE1-BCC0-CD201403F630}.Debug|Any CPU.ActiveCfg = Debug|Any CPU
		{4EC7A457-AC85-4BE1-BCC0-CD201403F630}.Debug|Any CPU.Build.0 = Debug|Any CPU
		{4EC7A457-AC85-4BE1-BCC0-CD201403F630}.Debug|x64.ActiveCfg = Debug|Any CPU
		{4EC7A457-AC85-4BE1-BCC0-CD201403F630}.Debug|x64.Build.0 = Debug|Any CPU
		{4EC7A457-AC85-4BE1-BCC0-CD201403F630}.Debug|x86.ActiveCfg = Debug|Any CPU
		{4EC7A457-AC85-4BE1-BCC0-CD201403F630}.Debug|x86.Build.0 = Debug|Any CPU
		{4EC7A457-AC85-4BE1-BCC0-CD201403F630}.Release|Any CPU.ActiveCfg = Release|Any CPU
		{4EC7A457-AC85-4BE1-BCC0-CD201403F630}.Release|Any CPU.Build.0 = Release|Any CPU
		{4EC7A457-AC85-4BE1-BCC0-CD201403F630}.Release|x64.ActiveCfg = Release|Any CPU
		{4EC7A457-AC85-4BE1-BCC0-CD201403F630}.Release|x64.Build.0 = Release|Any CPU
		{4EC7A457-AC85-4BE1-BCC0-CD201403F630}.Release|x86.ActiveCfg = Release|Any CPU
		{4EC7A457-AC85-4BE1-BCC0-CD201403F630}.Release|x86.Build.0 = Release|Any CPU
		{1D5C75CA-296D-4E25-AE39-797B4E7C1367}.Debug|Any CPU.ActiveCfg = Debug|Any CPU
		{1D5C75CA-296D-4E25-AE39-797B4E7C1367}.Debug|Any CPU.Build.0 = Debug|Any CPU
		{1D5C75CA-296D-4E25-AE39-797B4E7C1367}.Debug|x64.ActiveCfg = Debug|Any CPU
		{1D5C75CA-296D-4E25-AE39-797B4E7C1367}.Debug|x64.Build.0 = Debug|Any CPU
		{1D5C75CA-296D-4E25-AE39-797B4E7C1367}.Debug|x86.ActiveCfg = Debug|Any CPU
		{1D5C75CA-296D-4E25-AE39-797B4E7C1367}.Debug|x86.Build.0 = Debug|Any CPU
		{1D5C75CA-296D-4E25-AE39-797B4E7C1367}.Release|Any CPU.ActiveCfg = Release|Any CPU
		{1D5C75CA-296D-4E25-AE39-797B4E7C1367}.Release|Any CPU.Build.0 = Release|Any CPU
		{1D5C75CA-296D-4E25-AE39-797B4E7C1367}.Release|x64.ActiveCfg = Release|Any CPU
		{1D5C75CA-296D-4E25-AE39-797B4E7C1367}.Release|x64.Build.0 = Release|Any CPU
		{1D5C75CA-296D-4E25-AE39-797B4E7C1367}.Release|x86.ActiveCfg = Release|Any CPU
		{1D5C75CA-296D-4E25-AE39-797B4E7C1367}.Release|x86.Build.0 = Release|Any CPU
		{4A0C6867-04A7-42E8-BCE3-81778E9518D3}.Debug|Any CPU.ActiveCfg = Debug|Any CPU
		{4A0C6867-04A7-42E8-BCE3-81778E9518D3}.Debug|Any CPU.Build.0 = Debug|Any CPU
		{4A0C6867-04A7-42E8-BCE3-81778E9518D3}.Debug|x64.ActiveCfg = Debug|Any CPU
		{4A0C6867-04A7-42E8-BCE3-81778E9518D3}.Debug|x64.Build.0 = Debug|Any CPU
		{4A0C6867-04A7-42E8-BCE3-81778E9518D3}.Debug|x86.ActiveCfg = Debug|Any CPU
		{4A0C6867-04A7-42E8-BCE3-81778E9518D3}.Debug|x86.Build.0 = Debug|Any CPU
		{4A0C6867-04A7-42E8-BCE3-81778E9518D3}.Release|Any CPU.ActiveCfg = Release|Any CPU
		{4A0C6867-04A7-42E8-BCE3-81778E9518D3}.Release|Any CPU.Build.0 = Release|Any CPU
		{4A0C6867-04A7-42E8-BCE3-81778E9518D3}.Release|x64.ActiveCfg = Release|Any CPU
		{4A0C6867-04A7-42E8-BCE3-81778E9518D3}.Release|x64.Build.0 = Release|Any CPU
		{4A0C6867-04A7-42E8-BCE3-81778E9518D3}.Release|x86.ActiveCfg = Release|Any CPU
		{4A0C6867-04A7-42E8-BCE3-81778E9518D3}.Release|x86.Build.0 = Release|Any CPU
		{606CB8A0-0C8F-4940-B6B2-A46373A0B305}.Debug|Any CPU.ActiveCfg = Debug|Any CPU
		{606CB8A0-0C8F-4940-B6B2-A46373A0B305}.Debug|Any CPU.Build.0 = Debug|Any CPU
		{606CB8A0-0C8F-4940-B6B2-A46373A0B305}.Debug|x64.ActiveCfg = Debug|Any CPU
		{606CB8A0-0C8F-4940-B6B2-A46373A0B305}.Debug|x64.Build.0 = Debug|Any CPU
		{606CB8A0-0C8F-4940-B6B2-A46373A0B305}.Debug|x86.ActiveCfg = Debug|Any CPU
		{606CB8A0-0C8F-4940-B6B2-A46373A0B305}.Debug|x86.Build.0 = Debug|Any CPU
		{606CB8A0-0C8F-4940-B6B2-A46373A0B305}.Release|Any CPU.ActiveCfg = Release|Any CPU
		{606CB8A0-0C8F-4940-B6B2-A46373A0B305}.Release|Any CPU.Build.0 = Release|Any CPU
		{606CB8A0-0C8F-4940-B6B2-A46373A0B305}.Release|x64.ActiveCfg = Release|Any CPU
		{606CB8A0-0C8F-4940-B6B2-A46373A0B305}.Release|x64.Build.0 = Release|Any CPU
		{606CB8A0-0C8F-4940-B6B2-A46373A0B305}.Release|x86.ActiveCfg = Release|Any CPU
		{606CB8A0-0C8F-4940-B6B2-A46373A0B305}.Release|x86.Build.0 = Release|Any CPU
	EndGlobalSection
	GlobalSection(NestedProjects) = preSolution
		{57D2D112-EECF-4551-8C38-5F834633F656} = {7D56537D-05A6-4330-A930-454138411C8E}
		{1ADE1800-AF17-4BDC-9978-4B9252DB1621} = {7D56537D-05A6-4330-A930-454138411C8E}
		{4EC7A457-AC85-4BE1-BCC0-CD201403F630} = {7D56537D-05A6-4330-A930-454138411C8E}
		{1D5C75CA-296D-4E25-AE39-797B4E7C1367} = {7D56537D-05A6-4330-A930-454138411C8E}
		{4A0C6867-04A7-42E8-BCE3-81778E9518D3} = {7D56537D-05A6-4330-A930-454138411C8E}
		{606CB8A0-0C8F-4940-B6B2-A46373A0B305} = {7D56537D-05A6-4330-A930-454138411C8E}
	EndGlobalSection
EndGlobal
